
Microsoft Visual Studio Solution File, Format Version 12.00
# Visual Studio Version 16
VisualStudioVersion = 16.0.30114.105
MinimumVisualStudioVersion = 10.0.40219.1
Project("{2150E333-8FDC-42A3-9474-1A3956D46DE8}") = "source", "source", "{103C4274-5127-44BE-861A-3A89508CDBFF}"
EndProject
Project("{2150E333-8FDC-42A3-9474-1A3956D46DE8}") = "core", "core", "{F60177AE-2E26-4186-9DCB-112DFF2BC4B7}"
EndProject
Project("{FAE04EC0-301F-11D3-BF4B-00C04F79EFBC}") = "OAPR.Domain", "source\core\OAPR.Domain\OAPR.Domain.csproj", "{E1523781-0DC0-46EC-BF7E-3E9BB5A5004D}"
EndProject
Project("{FAE04EC0-301F-11D3-BF4B-00C04F79EFBC}") = "OAPR.Application", "source\core\OAPR.Application\OAPR.Application.csproj", "{C901E730-59AF-4838-B234-76A421CD4A25}"
EndProject
Project("{2150E333-8FDC-42A3-9474-1A3956D46DE8}") = "infra", "infra", "{19DBBF31-5BA0-477F-9C85-1DB84CAAC6A8}"
EndProject
Project("{FAE04EC0-301F-11D3-BF4B-00C04F79EFBC}") = "OAPR.Infra.Notification", "source\infra\OAPR.Infra.Notification\OAPR.Infra.Notification.csproj", "{89261613-6577-4C52-AEDE-1A1BB410808E}"
EndProject
Project("{FAE04EC0-301F-11D3-BF4B-00C04F79EFBC}") = "OAPR.Infra.BackOfficeIntegration", "source\infra\OAPR.Infra.BackOfficeIntegration\OAPR.Infra.BackOfficeIntegration.csproj", "{166BAEB6-84F9-4607-A10D-1FC8DBCB6E55}"
EndProject
Project("{2150E333-8FDC-42A3-9474-1A3956D46DE8}") = "presentation", "presentation", "{BAD97D69-6541-4129-B97F-C2022AC7D215}"
EndProject
Project("{FAE04EC0-301F-11D3-BF4B-00C04F79EFBC}") = "OAPR.Presentation", "source\presentation\OAPR.Presentation\OAPR.Presentation.csproj", "{DCB67044-50BB-4658-B478-35F1B49C7C69}"
EndProject
Project("{2150E333-8FDC-42A3-9474-1A3956D46DE8}") = "test", "test", "{EA729FD5-D1CA-4EBD-8FD7-0C1EFC7B80F7}"
EndProject
Project("{FAE04EC0-301F-11D3-BF4B-00C04F79EFBC}") = "OAPR.Test.UnitTest", "test\OAPR.Test.UnitTest\OAPR.Test.UnitTest.csproj", "{5EF1A90F-91A2-4812-BEC1-0E784137642B}"
EndProject
Global
	GlobalSection(SolutionConfigurationPlatforms) = preSolution
		Debug|Any CPU = Debug|Any CPU
		Release|Any CPU = Release|Any CPU
	EndGlobalSection
	GlobalSection(SolutionProperties) = preSolution
		HideSolutionNode = FALSE
	EndGlobalSection
	GlobalSection(ProjectConfigurationPlatforms) = postSolution
		{E1523781-0DC0-46EC-BF7E-3E9BB5A5004D}.Debug|Any CPU.ActiveCfg = Debug|Any CPU
		{E1523781-0DC0-46EC-BF7E-3E9BB5A5004D}.Debug|Any CPU.Build.0 = Debug|Any CPU
		{E1523781-0DC0-46EC-BF7E-3E9BB5A5004D}.Release|Any CPU.ActiveCfg = Release|Any CPU
		{E1523781-0DC0-46EC-BF7E-3E9BB5A5004D}.Release|Any CPU.Build.0 = Release|Any CPU
		{C901E730-59AF-4838-B234-76A421CD4A25}.Debug|Any CPU.ActiveCfg = Debug|Any CPU
		{C901E730-59AF-4838-B234-76A421CD4A25}.Debug|Any CPU.Build.0 = Debug|Any CPU
		{C901E730-59AF-4838-B234-76A421CD4A25}.Release|Any CPU.ActiveCfg = Release|Any CPU
		{C901E730-59AF-4838-B234-76A421CD4A25}.Release|Any CPU.Build.0 = Release|Any CPU
		{89261613-6577-4C52-AEDE-1A1BB410808E}.Debug|Any CPU.ActiveCfg = Debug|Any CPU
		{89261613-6577-4C52-AEDE-1A1BB410808E}.Debug|Any CPU.Build.0 = Debug|Any CPU
		{89261613-6577-4C52-AEDE-1A1BB410808E}.Release|Any CPU.ActiveCfg = Release|Any CPU
		{89261613-6577-4C52-AEDE-1A1BB410808E}.Release|Any CPU.Build.0 = Release|Any CPU
		{166BAEB6-84F9-4607-A10D-1FC8DBCB6E55}.Debug|Any CPU.ActiveCfg = Debug|Any CPU
		{166BAEB6-84F9-4607-A10D-1FC8DBCB6E55}.Debug|Any CPU.Build.0 = Debug|Any CPU
		{166BAEB6-84F9-4607-A10D-1FC8DBCB6E55}.Release|Any CPU.ActiveCfg = Release|Any CPU
		{166BAEB6-84F9-4607-A10D-1FC8DBCB6E55}.Release|Any CPU.Build.0 = Release|Any CPU
		{DCB67044-50BB-4658-B478-35F1B49C7C69}.Debug|Any CPU.ActiveCfg = Debug|Any CPU
		{DCB67044-50BB-4658-B478-35F1B49C7C69}.Debug|Any CPU.Build.0 = Debug|Any CPU
		{DCB67044-50BB-4658-B478-35F1B49C7C69}.Release|Any CPU.ActiveCfg = Release|Any CPU
		{DCB67044-50BB-4658-B478-35F1B49C7C69}.Release|Any CPU.Build.0 = Release|Any CPU
		{5EF1A90F-91A2-4812-BEC1-0E784137642B}.Debug|Any CPU.ActiveCfg = Debug|Any CPU
		{5EF1A90F-91A2-4812-BEC1-0E784137642B}.Debug|Any CPU.Build.0 = Debug|Any CPU
		{5EF1A90F-91A2-4812-BEC1-0E784137642B}.Release|Any CPU.ActiveCfg = Release|Any CPU
		{5EF1A90F-91A2-4812-BEC1-0E784137642B}.Release|Any CPU.Build.0 = Release|Any CPU
	EndGlobalSection
	GlobalSection(NestedProjects) = preSolution
		{F60177AE-2E26-4186-9DCB-112DFF2BC4B7} = {103C4274-5127-44BE-861A-3A89508CDBFF}
		{E1523781-0DC0-46EC-BF7E-3E9BB5A5004D} = {F60177AE-2E26-4186-9DCB-112DFF2BC4B7}
		{C901E730-59AF-4838-B234-76A421CD4A25} = {F60177AE-2E26-4186-9DCB-112DFF2BC4B7}
		{19DBBF31-5BA0-477F-9C85-1DB84CAAC6A8} = {103C4274-5127-44BE-861A-3A89508CDBFF}
		{89261613-6577-4C52-AEDE-1A1BB410808E} = {19DBBF31-5BA0-477F-9C85-1DB84CAAC6A8}
		{166BAEB6-84F9-4607-A10D-1FC8DBCB6E55} = {19DBBF31-5BA0-477F-9C85-1DB84CAAC6A8}
		{BAD97D69-6541-4129-B97F-C2022AC7D215} = {103C4274-5127-44BE-861A-3A89508CDBFF}
		{DCB67044-50BB-4658-B478-35F1B49C7C69} = {BAD97D69-6541-4129-B97F-C2022AC7D215}
		{5EF1A90F-91A2-4812-BEC1-0E784137642B} = {EA729FD5-D1CA-4EBD-8FD7-0C1EFC7B80F7}
	EndGlobalSection
EndGlobal
